// !$*UTF8*$!
{
	archiveVersion = 1;
	classes = {
	};
	objectVersion = 48;
	objects = {

/* Begin PBXBuildFile section */
		36C292E955CEAA97E88715BC /* Pods_Todoer.framework in Frameworks */ = {isa = PBXBuildFile; fileRef = 4E7C2A2818B63DD9B454B537 /* Pods_Todoer.framework */; };
		C232F88C204AF0ED000FE068 /* TodoItemViewController.swift in Sources */ = {isa = PBXBuildFile; fileRef = C232F88B204AF0ED000FE068 /* TodoItemViewController.swift */; };
		C232F88E204AF123000FE068 /* CategoriesViewController.swift in Sources */ = {isa = PBXBuildFile; fileRef = C232F88D204AF123000FE068 /* CategoriesViewController.swift */; };
		C232F890204B11CB000FE068 /* Functions.swift in Sources */ = {isa = PBXBuildFile; fileRef = C232F88F204B11CB000FE068 /* Functions.swift */; };
		C2B020DE204C708C003A04A3 /* Category.swift in Sources */ = {isa = PBXBuildFile; fileRef = C2B020DD204C708C003A04A3 /* Category.swift */; };
		C2B020E0204C709F003A04A3 /* Item.swift in Sources */ = {isa = PBXBuildFile; fileRef = C2B020DF204C709F003A04A3 /* Item.swift */; };
		C2E003CA2049989B00F797CE /* AppDelegate.swift in Sources */ = {isa = PBXBuildFile; fileRef = C2E003C92049989B00F797CE /* AppDelegate.swift */; };
		C2E003CF2049989B00F797CE /* Main.storyboard in Resources */ = {isa = PBXBuildFile; fileRef = C2E003CD2049989B00F797CE /* Main.storyboard */; };
		C2E003D12049989B00F797CE /* Assets.xcassets in Resources */ = {isa = PBXBuildFile; fileRef = C2E003D02049989B00F797CE /* Assets.xcassets */; };
		C2E003D42049989B00F797CE /* LaunchScreen.storyboard in Resources */ = {isa = PBXBuildFile; fileRef = C2E003D22049989B00F797CE /* LaunchScreen.storyboard */; };
/* End PBXBuildFile section */

/* Begin PBXFileReference section */
		0B624F6876415E6D17A8E1F0 /* Pods-Todoer.debug.xcconfig */ = {isa = PBXFileReference; includeInIndex = 1; lastKnownFileType = text.xcconfig; name = "Pods-Todoer.debug.xcconfig"; path = "Pods/Target Support Files/Pods-Todoer/Pods-Todoer.debug.xcconfig"; sourceTree = "<group>"; };
		354ADC5B861F5F9AFCFC7F92 /* Pods-Todoer.release.xcconfig */ = {isa = PBXFileReference; includeInIndex = 1; lastKnownFileType = text.xcconfig; name = "Pods-Todoer.release.xcconfig"; path = "Pods/Target Support Files/Pods-Todoer/Pods-Todoer.release.xcconfig"; sourceTree = "<group>"; };
		4E7C2A2818B63DD9B454B537 /* Pods_Todoer.framework */ = {isa = PBXFileReference; explicitFileType = wrapper.framework; includeInIndex = 0; path = Pods_Todoer.framework; sourceTree = BUILT_PRODUCTS_DIR; };
		C232F88B204AF0ED000FE068 /* TodoItemViewController.swift */ = {isa = PBXFileReference; lastKnownFileType = sourcecode.swift; path = TodoItemViewController.swift; sourceTree = "<group>"; };
		C232F88D204AF123000FE068 /* CategoriesViewController.swift */ = {isa = PBXFileReference; lastKnownFileType = sourcecode.swift; path = CategoriesViewController.swift; sourceTree = "<group>"; };
		C232F88F204B11CB000FE068 /* Functions.swift */ = {isa = PBXFileReference; lastKnownFileType = sourcecode.swift; path = Functions.swift; sourceTree = "<group>"; };
		C2B020DD204C708C003A04A3 /* Category.swift */ = {isa = PBXFileReference; lastKnownFileType = sourcecode.swift; path = Category.swift; sourceTree = "<group>"; };
		C2B020DF204C709F003A04A3 /* Item.swift */ = {isa = PBXFileReference; lastKnownFileType = sourcecode.swift; path = Item.swift; sourceTree = "<group>"; };
		C2E003C62049989B00F797CE /* Todoer.app */ = {isa = PBXFileReference; explicitFileType = wrapper.application; includeInIndex = 0; path = Todoer.app; sourceTree = BUILT_PRODUCTS_DIR; };
		C2E003C92049989B00F797CE /* AppDelegate.swift */ = {isa = PBXFileReference; lastKnownFileType = sourcecode.swift; path = AppDelegate.swift; sourceTree = "<group>"; };
		C2E003CE2049989B00F797CE /* Base */ = {isa = PBXFileReference; lastKnownFileType = file.storyboard; name = Base; path = Base.lproj/Main.storyboard; sourceTree = "<group>"; };
		C2E003D02049989B00F797CE /* Assets.xcassets */ = {isa = PBXFileReference; lastKnownFileType = folder.assetcatalog; path = Assets.xcassets; sourceTree = "<group>"; };
		C2E003D32049989B00F797CE /* Base */ = {isa = PBXFileReference; lastKnownFileType = file.storyboard; name = Base; path = Base.lproj/LaunchScreen.storyboard; sourceTree = "<group>"; };
		C2E003D52049989B00F797CE /* Info.plist */ = {isa = PBXFileReference; lastKnownFileType = text.plist.xml; path = Info.plist; sourceTree = "<group>"; };
/* End PBXFileReference section */

/* Begin PBXFrameworksBuildPhase section */
		C2E003C32049989B00F797CE /* Frameworks */ = {
			isa = PBXFrameworksBuildPhase;
			buildActionMask = 2147483647;
			files = (
				36C292E955CEAA97E88715BC /* Pods_Todoer.framework in Frameworks */,
			);
			runOnlyForDeploymentPostprocessing = 0;
		};
/* End PBXFrameworksBuildPhase section */

/* Begin PBXGroup section */
		8EB7B444DF92299C78F4EDEF /* Frameworks */ = {
			isa = PBXGroup;
			children = (
				4E7C2A2818B63DD9B454B537 /* Pods_Todoer.framework */,
			);
			name = Frameworks;
			sourceTree = "<group>";
		};
		98D6F77C85FD82529F85E020 /* Pods */ = {
			isa = PBXGroup;
			children = (
				0B624F6876415E6D17A8E1F0 /* Pods-Todoer.debug.xcconfig */,
				354ADC5B861F5F9AFCFC7F92 /* Pods-Todoer.release.xcconfig */,
			);
			name = Pods;
			sourceTree = "<group>";
		};
		C2C7627720499DF40004241F /* Supporting Files */ = {
			isa = PBXGroup;
			children = (
				C2E003D02049989B00F797CE /* Assets.xcassets */,
				C2E003D52049989B00F797CE /* Info.plist */,
			);
			path = "Supporting Files";
			sourceTree = "<group>";
		};
		C2C7627820499DFC0004241F /* View */ = {
			isa = PBXGroup;
			children = (
				C2E003CD2049989B00F797CE /* Main.storyboard */,
				C2E003D22049989B00F797CE /* LaunchScreen.storyboard */,
			);
			path = View;
			sourceTree = "<group>";
		};
		C2C7627920499DFF0004241F /* Model */ = {
			isa = PBXGroup;
			children = (
				C2B020DD204C708C003A04A3 /* Category.swift */,
				C2B020DF204C709F003A04A3 /* Item.swift */,
			);
			path = Model;
			sourceTree = "<group>";
		};
		C2C7627A20499E020004241F /* Controller */ = {
			isa = PBXGroup;
			children = (
				C232F88B204AF0ED000FE068 /* TodoItemViewController.swift */,
				C232F88F204B11CB000FE068 /* Functions.swift */,
				C232F88D204AF123000FE068 /* CategoriesViewController.swift */,
			);
			path = Controller;
			sourceTree = "<group>";
		};
		C2E003BD2049989B00F797CE = {
			isa = PBXGroup;
			children = (
				C2E003C82049989B00F797CE /* Todoer */,
				C2E003C72049989B00F797CE /* Products */,
				98D6F77C85FD82529F85E020 /* Pods */,
				8EB7B444DF92299C78F4EDEF /* Frameworks */,
			);
			sourceTree = "<group>";
		};
		C2E003C72049989B00F797CE /* Products */ = {
			isa = PBXGroup;
			children = (
				C2E003C62049989B00F797CE /* Todoer.app */,
			);
			name = Products;
			sourceTree = "<group>";
		};
		C2E003C82049989B00F797CE /* Todoer */ = {
			isa = PBXGroup;
			children = (
				C2E003C92049989B00F797CE /* AppDelegate.swift */,
				C2C7627A20499E020004241F /* Controller */,
				C2C7627920499DFF0004241F /* Model */,
				C2C7627820499DFC0004241F /* View */,
				C2C7627720499DF40004241F /* Supporting Files */,
			);
			path = Todoer;
			sourceTree = "<group>";
		};
/* End PBXGroup section */

/* Begin PBXNativeTarget section */
		C2E003C52049989B00F797CE /* Todoer */ = {
			isa = PBXNativeTarget;
			buildConfigurationList = C2E003D82049989B00F797CE /* Build configuration list for PBXNativeTarget "Todoer" */;
			buildPhases = (
				95EDD222EC85F44E8DEFA46A /* [CP] Check Pods Manifest.lock */,
				C2E003C22049989B00F797CE /* Sources */,
				C2E003C32049989B00F797CE /* Frameworks */,
				C2E003C42049989B00F797CE /* Resources */,
				AC33ACACF7632744ACEB1BBD /* [CP] Embed Pods Frameworks */,
				D2A5A79179DCB3914F382D45 /* [CP] Copy Pods Resources */,
			);
			buildRules = (
			);
			dependencies = (
			);
			name = Todoer;
			productName = Todoer;
			productReference = C2E003C62049989B00F797CE /* Todoer.app */;
			productType = "com.apple.product-type.application";
		};
/* End PBXNativeTarget section */

/* Begin PBXProject section */
		C2E003BE2049989B00F797CE /* Project object */ = {
			isa = PBXProject;
			attributes = {
				LastSwiftUpdateCheck = 0920;
				LastUpgradeCheck = 0920;
				ORGANIZATIONNAME = "Noah Wilder";
				TargetAttributes = {
					C2E003C52049989B00F797CE = {
						CreatedOnToolsVersion = 9.2;
						ProvisioningStyle = Automatic;
					};
				};
			};
			buildConfigurationList = C2E003C12049989B00F797CE /* Build configuration list for PBXProject "Todoer" */;
			compatibilityVersion = "Xcode 8.0";
			developmentRegion = en;
			hasScannedForEncodings = 0;
			knownRegions = (
				en,
				Base,
			);
			mainGroup = C2E003BD2049989B00F797CE;
			productRefGroup = C2E003C72049989B00F797CE /* Products */;
			projectDirPath = "";
			projectRoot = "";
			targets = (
				C2E003C52049989B00F797CE /* Todoer */,
			);
		};
/* End PBXProject section */

/* Begin PBXResourcesBuildPhase section */
		C2E003C42049989B00F797CE /* Resources */ = {
			isa = PBXResourcesBuildPhase;
			buildActionMask = 2147483647;
			files = (
				C2E003D42049989B00F797CE /* LaunchScreen.storyboard in Resources */,
				C2E003D12049989B00F797CE /* Assets.xcassets in Resources */,
				C2E003CF2049989B00F797CE /* Main.storyboard in Resources */,
			);
			runOnlyForDeploymentPostprocessing = 0;
		};
/* End PBXResourcesBuildPhase section */

/* Begin PBXShellScriptBuildPhase section */
		95EDD222EC85F44E8DEFA46A /* [CP] Check Pods Manifest.lock */ = {
			isa = PBXShellScriptBuildPhase;
			buildActionMask = 2147483647;
			files = (
			);
			inputPaths = (
				"${PODS_PODFILE_DIR_PATH}/Podfile.lock",
				"${PODS_ROOT}/Manifest.lock",
			);
			name = "[CP] Check Pods Manifest.lock";
			outputPaths = (
				"$(DERIVED_FILE_DIR)/Pods-Todoer-checkManifestLockResult.txt",
			);
			runOnlyForDeploymentPostprocessing = 0;
			shellPath = /bin/sh;
			shellScript = "diff \"${PODS_PODFILE_DIR_PATH}/Podfile.lock\" \"${PODS_ROOT}/Manifest.lock\" > /dev/null\nif [ $? != 0 ] ; then\n    # print error to STDERR\n    echo \"error: The sandbox is not in sync with the Podfile.lock. Run 'pod install' or update your CocoaPods installation.\" >&2\n    exit 1\nfi\n# This output is used by Xcode 'outputs' to avoid re-running this script phase.\necho \"SUCCESS\" > \"${SCRIPT_OUTPUT_FILE_0}\"\n";
			showEnvVarsInLog = 0;
		};
		AC33ACACF7632744ACEB1BBD /* [CP] Embed Pods Frameworks */ = {
			isa = PBXShellScriptBuildPhase;
			buildActionMask = 2147483647;
			files = (
			);
			inputPaths = (
				"${SRCROOT}/Pods/Target Support Files/Pods-Todoer/Pods-Todoer-frameworks.sh",
				"${BUILT_PRODUCTS_DIR}/ChameleonFramework/ChameleonFramework.framework",
				"${BUILT_PRODUCTS_DIR}/Realm/Realm.framework",
				"${BUILT_PRODUCTS_DIR}/RealmSwift/RealmSwift.framework",
				"${BUILT_PRODUCTS_DIR}/SwipeCellKit/SwipeCellKit.framework",
			);
			name = "[CP] Embed Pods Frameworks";
			outputPaths = (
				"${TARGET_BUILD_DIR}/${FRAMEWORKS_FOLDER_PATH}/ChameleonFramework.framework",
				"${TARGET_BUILD_DIR}/${FRAMEWORKS_FOLDER_PATH}/Realm.framework",
				"${TARGET_BUILD_DIR}/${FRAMEWORKS_FOLDER_PATH}/RealmSwift.framework",
				"${TARGET_BUILD_DIR}/${FRAMEWORKS_FOLDER_PATH}/SwipeCellKit.framework",
			);
			runOnlyForDeploymentPostprocessing = 0;
			shellPath = /bin/sh;
			shellScript = "\"${SRCROOT}/Pods/Target Support Files/Pods-Todoer/Pods-Todoer-frameworks.sh\"\n";
			showEnvVarsInLog = 0;
		};
		D2A5A79179DCB3914F382D45 /* [CP] Copy Pods Resources */ = {
			isa = PBXShellScriptBuildPhase;
			buildActionMask = 2147483647;
			files = (
			);
			inputPaths = (
			);
			name = "[CP] Copy Pods Resources";
			outputPaths = (
			);
			runOnlyForDeploymentPostprocessing = 0;
			shellPath = /bin/sh;
			shellScript = "\"${SRCROOT}/Pods/Target Support Files/Pods-Todoer/Pods-Todoer-resources.sh\"\n";
			showEnvVarsInLog = 0;
		};
/* End PBXShellScriptBuildPhase section */

/* Begin PBXSourcesBuildPhase section */
		C2E003C22049989B00F797CE /* Sources */ = {
			isa = PBXSourcesBuildPhase;
			buildActionMask = 2147483647;
			files = (
				C2E003CA2049989B00F797CE /* AppDelegate.swift in Sources */,
				C2B020DE204C708C003A04A3 /* Category.swift in Sources */,
				C232F88C204AF0ED000FE068 /* TodoItemViewController.swift in Sources */,
				C232F88E204AF123000FE068 /* CategoriesViewController.swift in Sources */,
				C2B020E0204C709F003A04A3 /* Item.swift in Sources */,
				C232F890204B11CB000FE068 /* Functions.swift in Sources */,
			);
			runOnlyForDeploymentPostprocessing = 0;
		};
/* End PBXSourcesBuildPhase section */

/* Begin PBXVariantGroup section */
		C2E003CD2049989B00F797CE /* Main.storyboard */ = {
			isa = PBXVariantGroup;
			children = (
				C2E003CE2049989B00F797CE /* Base */,
			);
			name = Main.storyboard;
			sourceTree = "<group>";
		};
		C2E003D22049989B00F797CE /* LaunchScreen.storyboard */ = {
			isa = PBXVariantGroup;
			children = (
				C2E003D32049989B00F797CE /* Base */,
			);
			name = LaunchScreen.storyboard;
			sourceTree = "<group>";
		};
/* End PBXVariantGroup section */

/* Begin XCBuildConfiguration section */
		C2E003D62049989B00F797CE /* Debug */ = {
			isa = XCBuildConfiguration;
			buildSettings = {
				ALWAYS_SEARCH_USER_PATHS = NO;
				CLANG_ANALYZER_NONNULL = YES;
				CLANG_ANALYZER_NUMBER_OBJECT_CONVERSION = YES_AGGRESSIVE;
				CLANG_CXX_LANGUAGE_STANDARD = "gnu++14";
				CLANG_CXX_LIBRARY = "libc++";
				CLANG_ENABLE_MODULES = YES;
				CLANG_ENABLE_OBJC_ARC = YES;
				CLANG_WARN_BLOCK_CAPTURE_AUTORELEASING = YES;
				CLANG_WARN_BOOL_CONVERSION = YES;
				CLANG_WARN_COMMA = YES;
				CLANG_WARN_CONSTANT_CONVERSION = YES;
				CLANG_WARN_DIRECT_OBJC_ISA_USAGE = YES_ERROR;
				CLANG_WARN_DOCUMENTATION_COMMENTS = YES;
				CLANG_WARN_EMPTY_BODY = YES;
				CLANG_WARN_ENUM_CONVERSION = YES;
				CLANG_WARN_INFINITE_RECURSION = YES;
				CLANG_WARN_INT_CONVERSION = YES;
				CLANG_WARN_NON_LITERAL_NULL_CONVERSION = YES;
				CLANG_WARN_OBJC_LITERAL_CONVERSION = YES;
				CLANG_WARN_OBJC_ROOT_CLASS = YES_ERROR;
				CLANG_WARN_RANGE_LOOP_ANALYSIS = YES;
				CLANG_WARN_STRICT_PROTOTYPES = YES;
				CLANG_WARN_SUSPICIOUS_MOVE = YES;
				CLANG_WARN_UNGUARDED_AVAILABILITY = YES_AGGRESSIVE;
				CLANG_WARN_UNREACHABLE_CODE = YES;
				CLANG_WARN__DUPLICATE_METHOD_MATCH = YES;
				CODE_SIGN_IDENTITY = "iPhone Developer";
				COPY_PHASE_STRIP = NO;
				DEBUG_INFORMATION_FORMAT = dwarf;
				ENABLE_STRICT_OBJC_MSGSEND = YES;
				ENABLE_TESTABILITY = YES;
				GCC_C_LANGUAGE_STANDARD = gnu11;
				GCC_DYNAMIC_NO_PIC = NO;
				GCC_NO_COMMON_BLOCKS = YES;
				GCC_OPTIMIZATION_LEVEL = 0;
				GCC_PREPROCESSOR_DEFINITIONS = (
					"DEBUG=1",
					"$(inherited)",
				);
				GCC_WARN_64_TO_32_BIT_CONVERSION = YES;
				GCC_WARN_ABOUT_RETURN_TYPE = YES_ERROR;
				GCC_WARN_UNDECLARED_SELECTOR = YES;
				GCC_WARN_UNINITIALIZED_AUTOS = YES_AGGRESSIVE;
				GCC_WARN_UNUSED_FUNCTION = YES;
				GCC_WARN_UNUSED_VARIABLE = YES;
				IPHONEOS_DEPLOYMENT_TARGET = 11.2;
				MTL_ENABLE_DEBUG_INFO = YES;
				ONLY_ACTIVE_ARCH = YES;
				SDKROOT = iphoneos;
				SWIFT_ACTIVE_COMPILATION_CONDITIONS = DEBUG;
				SWIFT_OPTIMIZATION_LEVEL = "-Onone";
			};
			name = Debug;
		};
		C2E003D72049989B00F797CE /* Release */ = {
			isa = XCBuildConfiguration;
			buildSettings = {
				ALWAYS_SEARCH_USER_PATHS = NO;
				CLANG_ANALYZER_NONNULL = YES;
				CLANG_ANALYZER_NUMBER_OBJECT_CONVERSION = YES_AGGRESSIVE;
				CLANG_CXX_LANGUAGE_STANDARD = "gnu++14";
				CLANG_CXX_LIBRARY = "libc++";
				CLANG_ENABLE_MODULES = YES;
				CLANG_ENABLE_OBJC_ARC = YES;
				CLANG_WARN_BLOCK_CAPTURE_AUTORELEASING = YES;
				CLANG_WARN_BOOL_CONVERSION = YES;
				CLANG_WARN_COMMA = YES;
				CLANG_WARN_CONSTANT_CONVERSION = YES;
				CLANG_WARN_DIRECT_OBJC_ISA_USAGE = YES_ERROR;
				CLANG_WARN_DOCUMENTATION_COMMENTS = YES;
				CLANG_WARN_EMPTY_BODY = YES;
				CLANG_WARN_ENUM_CONVERSION = YES;
				CLANG_WARN_INFINITE_RECURSION = YES;
				CLANG_WARN_INT_CONVERSION = YES;
				CLANG_WARN_NON_LITERAL_NULL_CONVERSION = YES;
				CLANG_WARN_OBJC_LITERAL_CONVERSION = YES;
				CLANG_WARN_OBJC_ROOT_CLASS = YES_ERROR;
				CLANG_WARN_RANGE_LOOP_ANALYSIS = YES;
				CLANG_WARN_STRICT_PROTOTYPES = YES;
				CLANG_WARN_SUSPICIOUS_MOVE = YES;
				CLANG_WARN_UNGUARDED_AVAILABILITY = YES_AGGRESSIVE;
				CLANG_WARN_UNREACHABLE_CODE = YES;
				CLANG_WARN__DUPLICATE_METHOD_MATCH = YES;
				CODE_SIGN_IDENTITY = "iPhone Developer";
				COPY_PHASE_STRIP = NO;
				DEBUG_INFORMATION_FORMAT = "dwarf-with-dsym";
				ENABLE_NS_ASSERTIONS = NO;
				ENABLE_STRICT_OBJC_MSGSEND = YES;
				GCC_C_LANGUAGE_STANDARD = gnu11;
				GCC_NO_COMMON_BLOCKS = YES;
				GCC_WARN_64_TO_32_BIT_CONVERSION = YES;
				GCC_WARN_ABOUT_RETURN_TYPE = YES_ERROR;
				GCC_WARN_UNDECLARED_SELECTOR = YES;
				GCC_WARN_UNINITIALIZED_AUTOS = YES_AGGRESSIVE;
				GCC_WARN_UNUSED_FUNCTION = YES;
				GCC_WARN_UNUSED_VARIABLE = YES;
				IPHONEOS_DEPLOYMENT_TARGET = 11.2;
				MTL_ENABLE_DEBUG_INFO = NO;
				SDKROOT = iphoneos;
				SWIFT_OPTIMIZATION_LEVEL = "-Owholemodule";
				VALIDATE_PRODUCT = YES;
			};
			name = Release;
		};
		C2E003D92049989B00F797CE /* Debug */ = {
			isa = XCBuildConfiguration;
			baseConfigurationReference = 0B624F6876415E6D17A8E1F0 /* Pods-Todoer.debug.xcconfig */;
			buildSettings = {
				ASSETCATALOG_COMPILER_APPICON_NAME = AppIcon;
				CODE_SIGN_STYLE = Automatic;
				DEVELOPMENT_TEAM = JPFSXG2FT6;
				INFOPLIST_FILE = "Todoer/Supporting Files/Info.plist";
				LD_RUNPATH_SEARCH_PATHS = "$(inherited) @executable_path/Frameworks";
				PRODUCT_BUNDLE_IDENTIFIER = com.noahwilder.Todoer;
				PRODUCT_NAME = "$(TARGET_NAME)";
				SWIFT_VERSION = 4.0;
				TARGETED_DEVICE_FAMILY = "1,2";
			};
			name = Debug;
		};
		C2E003DA2049989B00F797CE /* Release */ = {
			isa = XCBuildConfiguration;
			baseConfigurationReference = 354ADC5B861F5F9AFCFC7F92 /* Pods-Todoer.release.xcconfig */;
			buildSettings = {
				ASSETCATALOG_COMPILER_APPICON_NAME = AppIcon;
				CODE_SIGN_STYLE = Automatic;
				DEVELOPMENT_TEAM = JPFSXG2FT6;
				INFOPLIST_FILE = "Todoer/Supporting Files/Info.plist";
				LD_RUNPATH_SEARCH_PATHS = "$(inherited) @executable_path/Frameworks";
				PRODUCT_BUNDLE_IDENTIFIER = com.noahwilder.Todoer;
				PRODUCT_NAME = "$(TARGET_NAME)";
				SWIFT_VERSION = 4.0;
				TARGETED_DEVICE_FAMILY = "1,2";
			};
			name = Release;
		};
/* End XCBuildConfiguration section */

/* Begin XCConfigurationList section */
		C2E003C12049989B00F797CE /* Build configuration list for PBXProject "Todoer" */ = {
			isa = XCConfigurationList;
			buildConfigurations = (
				C2E003D62049989B00F797CE /* Debug */,
				C2E003D72049989B00F797CE /* Release */,
			);
			defaultConfigurationIsVisible = 0;
			defaultConfigurationName = Release;
		};
		C2E003D82049989B00F797CE /* Build configuration list for PBXNativeTarget "Todoer" */ = {
			isa = XCConfigurationList;
			buildConfigurations = (
				C2E003D92049989B00F797CE /* Debug */,
				C2E003DA2049989B00F797CE /* Release */,
			);
			defaultConfigurationIsVisible = 0;
			defaultConfigurationName = Release;
		};
/* End XCConfigurationList section */
	};
	rootObject = C2E003BE2049989B00F797CE /* Project object */;
}
